
Microsoft Visual Studio Solution File, Format Version 12.00
# Visual Studio Version 17
VisualStudioVersion = 17.1.31911.260
MinimumVisualStudioVersion = 10.0.40219.1
Project("{FAE04EC0-301F-11D3-BF4B-00C04F79EFBC}") = "TermPaper", "TermPaper\TermPaper.csproj", "{0EB0992A-0A16-4108-8DC2-2EEBEBB5435A}"
EndProject
Global
	GlobalSection(SolutionConfigurationPlatforms) = preSolution
		Debug|Any CPU = Debug|Any CPU
		Release|Any CPU = Release|Any CPU
	EndGlobalSection
	GlobalSection(ProjectConfigurationPlatforms) = postSolution
		{0EB0992A-0A16-4108-8DC2-2EEBEBB5435A}.Debug|Any CPU.ActiveCfg = Debug|Any CPU
		{0EB0992A-0A16-4108-8DC2-2EEBEBB5435A}.Debug|Any CPU.Build.0 = Debug|Any CPU
		{0EB0992A-0A16-4108-8DC2-2EEBEBB5435A}.Release|Any CPU.ActiveCfg = Release|Any CPU
		{0EB0992A-0A16-4108-8DC2-2EEBEBB5435A}.Release|Any CPU.Build.0 = Release|Any CPU
	EndGlobalSection
	GlobalSection(SolutionProperties) = preSolution
		HideSolutionNode = FALSE
	EndGlobalSection
	GlobalSection(ExtensibilityGlobals) = postSolution
		SolutionGuid = {DCC1B7A8-8DD0-4B79-929C-2F547BCE8533}
	EndGlobalSection
EndGlobal
